{
  "version": 4,
  "terraform_version": "1.9.8",
  "serial": 245,
  "lineage": "3836b2f9-d14e-298f-9a6b-d2a254baaaeb",
  "outputs": {
    "ansible_server_public_ip": {
      "value": "20.110.36.61",
      "type": "string"
    },
    "lab_servers_public_ips": {
      "value": {
        "redhat": "20.242.40.217",
        "ubuntu": "20.110.119.68"
      },
      "type": [
        "object",
        {
          "redhat": "string",
          "ubuntu": "string"
        }
      ]
    },
    "semaphore_url": {
      "value": "http://20.110.36.61:3000",
      "type": "string"
    }
  },
  "resources": [
    {
      "mode": "managed",
      "type": "azurerm_resource_group",
      "name": "lab",
      "provider": "provider[\"registry.terraform.io/hashicorp/azurerm\"]",
      "instances": [
        {
          "schema_version": 0,
          "attributes": {
            "id": "/subscriptions/f4b5d5c1-9ce3-4456-a430-5a86dbcda44c/resourceGroups/rg-ansible-lab",
            "location": "eastus2",
            "managed_by": "",
            "name": "rg-ansible-lab",
            "tags": {
              "Environment": "Lab",
              "ManagedBy": "Terraform",
              "Purpose": "Ansible-Semaphore"
            },
            "timeouts": null
          },
          "sensitive_attributes": [],
          "private": "eyJlMmJmYjczMC1lY2FhLTExZTYtOGY4OC0zNDM2M2JjN2M0YzAiOnsiY3JlYXRlIjo1NDAwMDAwMDAwMDAwLCJkZWxldGUiOjU0MDAwMDAwMDAwMDAsInJlYWQiOjMwMDAwMDAwMDAwMCwidXBkYXRlIjo1NDAwMDAwMDAwMDAwfX0="
        }
      ]
    },
    {
      "module": "module.ansible_server",
      "mode": "managed",
      "type": "azurerm_linux_virtual_machine",
      "name": "ansible",
      "provider": "provider[\"registry.terraform.io/hashicorp/azurerm\"]",
      "instances": [
        {
          "schema_version": 0,
          "attributes": {
            "additional_capabilities": [],
            "admin_password": "!ANsible1234",
            "admin_ssh_key": [],
            "admin_username": "useransible",
            "allow_extension_operations": true,
            "availability_set_id": "",
            "boot_diagnostics": [],
            "bypass_platform_safety_checks_on_user_schedule_enabled": false,
            "capacity_reservation_group_id": "",
            "computer_name": "vm-ansible-server",
            "custom_data": "IyEvYmluL2Jhc2gKCiMgQXR1YWxpemFyIHNpc3RlbWEKYXB0LWdldCB1cGRhdGUKYXB0LWdldCB1cGdyYWRlIC15CgojIEluc3RhbGFyIGRlcGVuZMOqbmNpYXMKYXB0LWdldCBpbnN0YWxsIC15IFwKICAgIGFwdC10cmFuc3BvcnQtaHR0cHMgXAogICAgY2EtY2VydGlmaWNhdGVzIFwKICAgIGN1cmwgXAogICAgZ251cGcgXAogICAgbHNiLXJlbGVhc2UgXAogICAgZ2l0IFwKICAgIHB5dGhvbjMtcGlwIFwKICAgIG15c3FsLWNsaWVudCBcCiAgICBwb3N0Z3Jlc3FsLWNsaWVudAoKIyBJbnN0YWxhciBEb2NrZXIKY3VybCAtZnNTTCBodHRwczovL2dldC5kb2NrZXIuY29tIC1vIGdldC1kb2NrZXIuc2gKc2ggZ2V0LWRvY2tlci5zaAp1c2VybW9kIC1hRyBkb2NrZXIgYXp1cmV1c2VyCgojIEluc3RhbGFyIERvY2tlciBDb21wb3NlCmN1cmwgLUwgImh0dHBzOi8vZ2l0aHViLmNvbS9kb2NrZXIvY29tcG9zZS9yZWxlYXNlcy9kb3dubG9hZC92Mi4yMy4wL2RvY2tlci1jb21wb3NlLSQodW5hbWUgLXMpLSQodW5hbWUgLW0pIiAtbyAvdXNyL2xvY2FsL2Jpbi9kb2NrZXItY29tcG9zZQpjaG1vZCAreCAvdXNyL2xvY2FsL2Jpbi9kb2NrZXItY29tcG9zZQoKIyBJbnN0YWxhciBBbnNpYmxlCnBpcDMgaW5zdGFsbCBhbnNpYmxlCgojIENyaWFyIGRpcmV0w7NyaW8gcGFyYSBTZW1hcGhvcmUKbWtkaXIgLXAgL29wdC9zZW1hcGhvcmUKY2QgL29wdC9zZW1hcGhvcmUKCiMgQ3JpYXIgZG9ja2VyLWNvbXBvc2UueW1sIHBhcmEgU2VtYXBob3JlCmNhdCA+IGRvY2tlci1jb21wb3NlLnltbCA8PEVPRgp2ZXJzaW9uOiAnMycKc2VydmljZXM6CiAgbXlzcWw6CiAgICBpbWFnZTogbXlzcWw6OC4wCiAgICBob3N0bmFtZTogbXlzcWwKICAgIGVudmlyb25tZW50OgogICAgICBNWVNRTF9SQU5ET01fUk9PVF9QQVNTV09SRDogJ3llcycKICAgICAgTVlTUUxfREFUQUJBU0U6IHNlbWFwaG9yZQogICAgICBNWVNRTF9VU0VSOiBzZW1hcGhvcmUKICAgICAgTVlTUUxfUEFTU1dPUkQ6IHNlbWFwaG9yZQogICAgdm9sdW1lczoKICAgICAgLSBzZW1hcGhvcmUtbXlzcWw6L3Zhci9saWIvbXlzcWwKICAgIHJlc3RhcnQ6IHVubGVzcy1zdG9wcGVkCgogIHNlbWFwaG9yZToKICAgIGltYWdlOiBzZW1hcGhvcmV1aS9zZW1hcGhvcmU6bGF0ZXN0CiAgICBwb3J0czoKICAgICAgLSAzMDAwOjMwMDAKICAgIGVudmlyb25tZW50OgogICAgICBTRU1BUEhPUkVfREJfVVNFUjogc2VtYXBob3JlCiAgICAgIFNFTUFQSE9SRV9EQl9QQVNTOiBzZW1hcGhvcmUKICAgICAgU0VNQVBIT1JFX0RCX0hPU1Q6IG15c3FsCiAgICAgIFNFTUFQSE9SRV9EQl9QT1JUOiAzMzA2CiAgICAgIFNFTUFQSE9SRV9EQjogc2VtYXBob3JlCiAgICAgIFNFTUFQSE9SRV9QTEFZQk9PS19QQVRIOiAvdG1wL3NlbWFwaG9yZS8KICAgICAgU0VNQVBIT1JFX0FETUlOX1BBU1NXT1JEOiBTZW1hcGhvcmVQQHNzMTIzIQogICAgICBTRU1BUEhPUkVfQURNSU5fTkFNRTogYWRtaW4KICAgICAgU0VNQVBIT1JFX0FETUlOX0VNQUlMOiBhZG1pbkBsYWIubG9jYWwKICAgICAgU0VNQVBIT1JFX0FETUlOOiBhZG1pbgogICAgICBTRU1BUEhPUkVfQUNDRVNTX0tFWV9FTkNSWVBUSU9OOiAkKGhlYWQgLWMzMiAvZGV2L3VyYW5kb20gfCBiYXNlNjQpCiAgICB2b2x1bWVzOgogICAgICAtIHNlbWFwaG9yZS1kYXRhOi92YXIvbGliL3NlbWFwaG9yZQogICAgICAtIC90bXAvc2VtYXBob3JlOi90bXAvc2VtYXBob3JlCiAgICByZXN0YXJ0OiB1bmxlc3Mtc3RvcHBlZAogICAgZGVwZW5kc19vbjoKICAgICAgLSBteXNxbAoKdm9sdW1lczoKICBzZW1hcGhvcmUtbXlzcWw6CiAgc2VtYXBob3JlLWRhdGE6CkVPRgoKIyBJbmljaWFyIFNlbWFwaG9yZQpkb2NrZXItY29tcG9zZSB1cCAtZAoKIyBDcmlhciBkaXJldMOzcmlvIHBhcmEgcGxheWJvb2tzCm1rZGlyIC1wIC90bXAvc2VtYXBob3JlCgojIEluc3RhbGFyIEF6dXJlIENMSQpjdXJsIC1zTCBodHRwczovL2FrYS5tcy9JbnN0YWxsQXp1cmVDTElEZWIgfCBiYXNoCgojIENyaWFyIHNjcmlwdCBkZSBoZWFsdGhjaGVjawpjYXQgPiAvdXNyL2xvY2FsL2Jpbi9jaGVjay1zZW1hcGhvcmUuc2ggPDwnU0NSSVBUJwojIS9iaW4vYmFzaAppZiAhIGRvY2tlciBwcyB8IGdyZXAgLXEgc2VtYXBob3JlOyB0aGVuCiAgICBjZCAvb3B0L3NlbWFwaG9yZSAmJiBkb2NrZXItY29tcG9zZSB1cCAtZApmaQpTQ1JJUFQKCmNobW9kICt4IC91c3IvbG9jYWwvYmluL2NoZWNrLXNlbWFwaG9yZS5zaAoKIyBBZGljaW9uYXIgYW8gY3JvbiBwYXJhIHZlcmlmaWNhciBhIGNhZGEgNSBtaW51dG9zCihjcm9udGFiIC1sIDI+L2Rldi9udWxsOyBlY2hvICIqLzUgKiAqICogKiAvdXNyL2xvY2FsL2Jpbi9jaGVjay1zZW1hcGhvcmUuc2giKSB8IGNyb250YWIgLQoKZWNobyAiSW5zdGFsYcOnw6NvIGNvbmNsdcOtZGEhIgo=",
            "dedicated_host_group_id": "",
            "dedicated_host_id": "",
            "disable_password_authentication": false,
            "disk_controller_type": "",
            "edge_zone": "",
            "encryption_at_host_enabled": false,
            "eviction_policy": "",
            "extensions_time_budget": "PT1H30M",
            "gallery_application": [],
            "id": "/subscriptions/f4b5d5c1-9ce3-4456-a430-5a86dbcda44c/resourceGroups/rg-ansible-lab/providers/Microsoft.Compute/virtualMachines/vm-ansible-server",
            "identity": [],
            "license_type": "",
            "location": "eastus2",
            "max_bid_price": -1,
            "name": "vm-ansible-server",
            "network_interface_ids": [
              "/subscriptions/f4b5d5c1-9ce3-4456-a430-5a86dbcda44c/resourceGroups/rg-ansible-lab/providers/Microsoft.Network/networkInterfaces/nic-ansible-server"
            ],
            "os_disk": [
              {
                "caching": "ReadWrite",
                "diff_disk_settings": [],
                "disk_encryption_set_id": "",
                "disk_size_gb": 30,
                "name": "vm-ansible-server_disk1_c7a6b16b861c4bf2b02eed8910d04f93",
                "secure_vm_disk_encryption_set_id": "",
                "security_encryption_type": "",
                "storage_account_type": "Premium_LRS",
                "write_accelerator_enabled": false
              }
            ],
            "os_image_notification": [],
            "patch_assessment_mode": "ImageDefault",
            "patch_mode": "ImageDefault",
            "plan": [],
            "platform_fault_domain": -1,
            "priority": "Regular",
            "private_ip_address": "10.0.1.4",
            "private_ip_addresses": [
              "10.0.1.4"
            ],
            "provision_vm_agent": true,
            "proximity_placement_group_id": "",
            "public_ip_address": "20.110.36.61",
            "public_ip_addresses": [
              "20.110.36.61"
            ],
            "reboot_setting": "",
            "resource_group_name": "rg-ansible-lab",
            "secret": [],
            "secure_boot_enabled": false,
            "size": "Standard_D2s_v3",
            "source_image_id": "",
            "source_image_reference": [
              {
                "offer": "ubuntu-24_04-lts",
                "publisher": "Canonical",
                "sku": "server-gen1",
                "version": "latest"
              }
            ],
            "tags": {
              "Environment": "Lab",
              "ManagedBy": "Terraform",
              "Purpose": "Ansible-Semaphore"
            },
            "termination_notification": [],
            "timeouts": null,
            "user_data": "",
            "virtual_machine_id": "bb695bad-dbdc-435d-b951-25cb7ca73917",
            "virtual_machine_scale_set_id": "",
            "vm_agent_platform_updates_enabled": false,
            "vtpm_enabled": false,
            "zone": ""
          },
          "sensitive_attributes": [
            [
              {
                "type": "get_attr",
                "value": "custom_data"
              }
            ],
            [
              {
                "type": "get_attr",
                "value": "admin_password"
              }
            ]
          ],
          "private": "eyJlMmJmYjczMC1lY2FhLTExZTYtOGY4OC0zNDM2M2JjN2M0YzAiOnsiY3JlYXRlIjoyNzAwMDAwMDAwMDAwLCJkZWxldGUiOjI3MDAwMDAwMDAwMDAsInJlYWQiOjMwMDAwMDAwMDAwMCwidXBkYXRlIjoyNzAwMDAwMDAwMDAwfX0=",
          "dependencies": [
            "azurerm_resource_group.lab",
            "module.ansible_server.azurerm_network_interface.ansible",
            "module.ansible_server.azurerm_public_ip.ansible",
            "module.network.azurerm_subnet.ansible",
            "module.network.azurerm_virtual_network.main"
          ]
        }
      ]
    },
    {
      "module": "module.ansible_server",
      "mode": "managed",
      "type": "azurerm_network_interface",
      "name": "ansible",
      "provider": "provider[\"registry.terraform.io/hashicorp/azurerm\"]",
      "instances": [
        {
          "schema_version": 0,
          "attributes": {
            "accelerated_networking_enabled": false,
            "applied_dns_servers": [],
            "auxiliary_mode": "",
            "auxiliary_sku": "",
            "dns_servers": [],
            "edge_zone": "",
            "enable_accelerated_networking": false,
            "enable_ip_forwarding": false,
            "id": "/subscriptions/f4b5d5c1-9ce3-4456-a430-5a86dbcda44c/resourceGroups/rg-ansible-lab/providers/Microsoft.Network/networkInterfaces/nic-ansible-server",
            "internal_dns_name_label": "",
            "internal_domain_name_suffix": "rgr4mae0q10upmt3il1nw14hoc.cx.internal.cloudapp.net",
            "ip_configuration": [
              {
                "gateway_load_balancer_frontend_ip_configuration_id": "",
                "name": "internal",
                "primary": true,
                "private_ip_address": "10.0.1.4",
                "private_ip_address_allocation": "Dynamic",
                "private_ip_address_version": "IPv4",
                "public_ip_address_id": "/subscriptions/f4b5d5c1-9ce3-4456-a430-5a86dbcda44c/resourceGroups/rg-ansible-lab/providers/Microsoft.Network/publicIPAddresses/pip-ansible-server",
                "subnet_id": "/subscriptions/f4b5d5c1-9ce3-4456-a430-5a86dbcda44c/resourceGroups/rg-ansible-lab/providers/Microsoft.Network/virtualNetworks/vnet-ansible-lab/subnets/subnet-ansible"
              }
            ],
            "ip_forwarding_enabled": false,
            "location": "eastus2",
            "mac_address": "7C-1E-52-D9-00-33",
            "name": "nic-ansible-server",
            "private_ip_address": "10.0.1.4",
            "private_ip_addresses": [
              "10.0.1.4"
            ],
            "resource_group_name": "rg-ansible-lab",
            "tags": {
              "Environment": "Lab",
              "ManagedBy": "Terraform",
              "Purpose": "Ansible-Semaphore"
            },
            "timeouts": null,
            "virtual_machine_id": "/subscriptions/f4b5d5c1-9ce3-4456-a430-5a86dbcda44c/resourceGroups/rg-ansible-lab/providers/Microsoft.Compute/virtualMachines/vm-ansible-server"
          },
          "sensitive_attributes": [],
          "private": "eyJlMmJmYjczMC1lY2FhLTExZTYtOGY4OC0zNDM2M2JjN2M0YzAiOnsiY3JlYXRlIjoxODAwMDAwMDAwMDAwLCJkZWxldGUiOjE4MDAwMDAwMDAwMDAsInJlYWQiOjMwMDAwMDAwMDAwMCwidXBkYXRlIjoxODAwMDAwMDAwMDAwfX0=",
          "dependencies": [
            "azurerm_resource_group.lab",
            "module.ansible_server.azurerm_public_ip.ansible",
            "module.network.azurerm_subnet.ansible",
            "module.network.azurerm_virtual_network.main"
          ]
        }
      ]
    },
    {
      "module": "module.ansible_server",
      "mode": "managed",
      "type": "azurerm_public_ip",
      "name": "ansible",
      "provider": "provider[\"registry.terraform.io/hashicorp/azurerm\"]",
      "instances": [
        {
          "schema_version": 0,
          "attributes": {
            "allocation_method": "Static",
            "ddos_protection_mode": "VirtualNetworkInherited",
            "ddos_protection_plan_id": null,
            "domain_name_label": null,
            "edge_zone": "",
            "fqdn": null,
            "id": "/subscriptions/f4b5d5c1-9ce3-4456-a430-5a86dbcda44c/resourceGroups/rg-ansible-lab/providers/Microsoft.Network/publicIPAddresses/pip-ansible-server",
            "idle_timeout_in_minutes": 4,
            "ip_address": "20.110.36.61",
            "ip_tags": {},
            "ip_version": "IPv4",
            "location": "eastus2",
            "name": "pip-ansible-server",
            "public_ip_prefix_id": null,
            "resource_group_name": "rg-ansible-lab",
            "reverse_fqdn": null,
            "sku": "Standard",
            "sku_tier": "Regional",
            "tags": {
              "Environment": "Lab",
              "ManagedBy": "Terraform",
              "Purpose": "Ansible-Semaphore"
            },
            "timeouts": null,
            "zones": []
          },
          "sensitive_attributes": [],
          "private": "eyJlMmJmYjczMC1lY2FhLTExZTYtOGY4OC0zNDM2M2JjN2M0YzAiOnsiY3JlYXRlIjoxODAwMDAwMDAwMDAwLCJkZWxldGUiOjE4MDAwMDAwMDAwMDAsInJlYWQiOjMwMDAwMDAwMDAwMCwidXBkYXRlIjoxODAwMDAwMDAwMDAwfX0=",
          "dependencies": [
            "azurerm_resource_group.lab"
          ]
        }
      ]
    },
    {
      "module": "module.network",
      "mode": "managed",
      "type": "azurerm_network_security_group",
      "name": "ansible",
      "provider": "provider[\"registry.terraform.io/hashicorp/azurerm\"]",
      "instances": [
        {
          "schema_version": 0,
          "attributes": {
            "id": "/subscriptions/f4b5d5c1-9ce3-4456-a430-5a86dbcda44c/resourceGroups/rg-ansible-lab/providers/Microsoft.Network/networkSecurityGroups/nsg-ansible",
            "location": "eastus2",
            "name": "nsg-ansible",
            "resource_group_name": "rg-ansible-lab",
            "security_rule": [
              {
                "access": "Allow",
                "description": "",
                "destination_address_prefix": "*",
                "destination_address_prefixes": [],
                "destination_application_security_group_ids": [],
                "destination_port_range": "22",
                "destination_port_ranges": [],
                "direction": "Inbound",
                "name": "SSH",
                "priority": 100,
                "protocol": "Tcp",
                "source_address_prefix": "*",
                "source_address_prefixes": [],
                "source_application_security_group_ids": [],
                "source_port_range": "*",
                "source_port_ranges": []
              },
              {
                "access": "Allow",
                "description": "",
                "destination_address_prefix": "*",
                "destination_address_prefixes": [],
                "destination_application_security_group_ids": [],
                "destination_port_range": "3000",
                "destination_port_ranges": [],
                "direction": "Inbound",
                "name": "Semaphore",
                "priority": 110,
                "protocol": "Tcp",
                "source_address_prefix": "*",
                "source_address_prefixes": [],
                "source_application_security_group_ids": [],
                "source_port_range": "*",
                "source_port_ranges": []
              }
            ],
            "tags": {
              "Environment": "Lab",
              "ManagedBy": "Terraform",
              "Purpose": "Ansible-Semaphore"
            },
            "timeouts": null
          },
          "sensitive_attributes": [],
          "private": "eyJlMmJmYjczMC1lY2FhLTExZTYtOGY4OC0zNDM2M2JjN2M0YzAiOnsiY3JlYXRlIjoxODAwMDAwMDAwMDAwLCJkZWxldGUiOjE4MDAwMDAwMDAwMDAsInJlYWQiOjMwMDAwMDAwMDAwMCwidXBkYXRlIjoxODAwMDAwMDAwMDAwfX0=",
          "dependencies": [
            "azurerm_resource_group.lab"
          ]
        }
      ]
    },
    {
      "module": "module.network",
      "mode": "managed",
      "type": "azurerm_subnet",
      "name": "ansible",
      "provider": "provider[\"registry.terraform.io/hashicorp/azurerm\"]",
      "instances": [
        {
          "schema_version": 0,
          "attributes": {
            "address_prefixes": [
              "10.0.1.0/24"
            ],
            "default_outbound_access_enabled": true,
            "delegation": [],
            "enforce_private_link_endpoint_network_policies": false,
            "enforce_private_link_service_network_policies": false,
            "id": "/subscriptions/f4b5d5c1-9ce3-4456-a430-5a86dbcda44c/resourceGroups/rg-ansible-lab/providers/Microsoft.Network/virtualNetworks/vnet-ansible-lab/subnets/subnet-ansible",
            "name": "subnet-ansible",
            "private_endpoint_network_policies": "Enabled",
            "private_endpoint_network_policies_enabled": true,
            "private_link_service_network_policies_enabled": true,
            "resource_group_name": "rg-ansible-lab",
            "service_endpoint_policy_ids": [],
            "service_endpoints": [],
            "timeouts": null,
            "virtual_network_name": "vnet-ansible-lab"
          },
          "sensitive_attributes": [],
          "private": "eyJlMmJmYjczMC1lY2FhLTExZTYtOGY4OC0zNDM2M2JjN2M0YzAiOnsiY3JlYXRlIjoxODAwMDAwMDAwMDAwLCJkZWxldGUiOjE4MDAwMDAwMDAwMDAsInJlYWQiOjMwMDAwMDAwMDAwMCwidXBkYXRlIjoxODAwMDAwMDAwMDAwfX0=",
          "dependencies": [
            "azurerm_resource_group.lab",
            "module.network.azurerm_virtual_network.main"
          ]
        }
      ]
    },
    {
      "module": "module.network",
      "mode": "managed",
      "type": "azurerm_subnet",
      "name": "database",
      "provider": "provider[\"registry.terraform.io/hashicorp/azurerm\"]",
      "instances": [
        {
          "schema_version": 0,
          "attributes": {
            "address_prefixes": [
              "10.0.2.0/24"
            ],
            "default_outbound_access_enabled": true,
            "delegation": [],
            "enforce_private_link_endpoint_network_policies": false,
            "enforce_private_link_service_network_policies": false,
            "id": "/subscriptions/f4b5d5c1-9ce3-4456-a430-5a86dbcda44c/resourceGroups/rg-ansible-lab/providers/Microsoft.Network/virtualNetworks/vnet-ansible-lab/subnets/subnet-database",
            "name": "subnet-database",
            "private_endpoint_network_policies": "Enabled",
            "private_endpoint_network_policies_enabled": true,
            "private_link_service_network_policies_enabled": true,
            "resource_group_name": "rg-ansible-lab",
            "service_endpoint_policy_ids": [],
            "service_endpoints": [
              "Microsoft.Sql"
            ],
            "timeouts": null,
            "virtual_network_name": "vnet-ansible-lab"
          },
          "sensitive_attributes": [],
          "private": "eyJlMmJmYjczMC1lY2FhLTExZTYtOGY4OC0zNDM2M2JjN2M0YzAiOnsiY3JlYXRlIjoxODAwMDAwMDAwMDAwLCJkZWxldGUiOjE4MDAwMDAwMDAwMDAsInJlYWQiOjMwMDAwMDAwMDAwMCwidXBkYXRlIjoxODAwMDAwMDAwMDAwfX0=",
          "dependencies": [
            "azurerm_resource_group.lab",
            "module.network.azurerm_virtual_network.main"
          ]
        }
      ]
    },
    {
      "module": "module.network",
      "mode": "managed",
      "type": "azurerm_subnet_network_security_group_association",
      "name": "ansible",
      "provider": "provider[\"registry.terraform.io/hashicorp/azurerm\"]",
      "instances": [
        {
          "schema_version": 0,
          "attributes": {
            "id": "/subscriptions/f4b5d5c1-9ce3-4456-a430-5a86dbcda44c/resourceGroups/rg-ansible-lab/providers/Microsoft.Network/virtualNetworks/vnet-ansible-lab/subnets/subnet-ansible",
            "network_security_group_id": "/subscriptions/f4b5d5c1-9ce3-4456-a430-5a86dbcda44c/resourceGroups/rg-ansible-lab/providers/Microsoft.Network/networkSecurityGroups/nsg-ansible",
            "subnet_id": "/subscriptions/f4b5d5c1-9ce3-4456-a430-5a86dbcda44c/resourceGroups/rg-ansible-lab/providers/Microsoft.Network/virtualNetworks/vnet-ansible-lab/subnets/subnet-ansible",
            "timeouts": null
          },
          "sensitive_attributes": [],
          "private": "eyJlMmJmYjczMC1lY2FhLTExZTYtOGY4OC0zNDM2M2JjN2M0YzAiOnsiY3JlYXRlIjoxODAwMDAwMDAwMDAwLCJkZWxldGUiOjE4MDAwMDAwMDAwMDAsInJlYWQiOjMwMDAwMDAwMDAwMH19",
          "dependencies": [
            "azurerm_resource_group.lab",
            "module.network.azurerm_network_security_group.ansible",
            "module.network.azurerm_subnet.ansible",
            "module.network.azurerm_virtual_network.main"
          ]
        }
      ]
    },
    {
      "module": "module.network",
      "mode": "managed",
      "type": "azurerm_virtual_network",
      "name": "main",
      "provider": "provider[\"registry.terraform.io/hashicorp/azurerm\"]",
      "instances": [
        {
          "schema_version": 0,
          "attributes": {
            "address_space": [
              "10.0.0.0/16"
            ],
            "bgp_community": "",
            "ddos_protection_plan": [],
            "dns_servers": [],
            "edge_zone": "",
            "encryption": [],
            "flow_timeout_in_minutes": 0,
            "guid": "00e6a389-869a-47f5-b27d-42f6db6fc772",
            "id": "/subscriptions/f4b5d5c1-9ce3-4456-a430-5a86dbcda44c/resourceGroups/rg-ansible-lab/providers/Microsoft.Network/virtualNetworks/vnet-ansible-lab",
            "location": "eastus2",
            "name": "vnet-ansible-lab",
            "resource_group_name": "rg-ansible-lab",
            "subnet": [
              {
                "address_prefix": "10.0.1.0/24",
                "id": "/subscriptions/f4b5d5c1-9ce3-4456-a430-5a86dbcda44c/resourceGroups/rg-ansible-lab/providers/Microsoft.Network/virtualNetworks/vnet-ansible-lab/subnets/subnet-ansible",
                "name": "subnet-ansible",
                "security_group": "/subscriptions/f4b5d5c1-9ce3-4456-a430-5a86dbcda44c/resourceGroups/rg-ansible-lab/providers/Microsoft.Network/networkSecurityGroups/nsg-ansible"
              },
              {
                "address_prefix": "10.0.2.0/24",
                "id": "/subscriptions/f4b5d5c1-9ce3-4456-a430-5a86dbcda44c/resourceGroups/rg-ansible-lab/providers/Microsoft.Network/virtualNetworks/vnet-ansible-lab/subnets/subnet-database",
                "name": "subnet-database",
                "security_group": ""
              }
            ],
            "tags": {
              "Environment": "Lab",
              "ManagedBy": "Terraform",
              "Purpose": "Ansible-Semaphore"
            },
            "timeouts": null
          },
          "sensitive_attributes": [],
          "private": "eyJlMmJmYjczMC1lY2FhLTExZTYtOGY4OC0zNDM2M2JjN2M0YzAiOnsiY3JlYXRlIjoxODAwMDAwMDAwMDAwLCJkZWxldGUiOjE4MDAwMDAwMDAwMDAsInJlYWQiOjMwMDAwMDAwMDAwMCwidXBkYXRlIjoxODAwMDAwMDAwMDAwfX0=",
          "dependencies": [
            "azurerm_resource_group.lab"
          ]
        }
      ]
    },
    {
      "module": "module.servidores_lab",
      "mode": "managed",
      "type": "azurerm_network_interface",
      "name": "vms",
      "provider": "provider[\"registry.terraform.io/hashicorp/azurerm\"]",
      "instances": [
        {
          "index_key": "redhat",
          "schema_version": 0,
          "attributes": {
            "accelerated_networking_enabled": false,
            "applied_dns_servers": [],
            "auxiliary_mode": "",
            "auxiliary_sku": "",
            "dns_servers": [],
            "edge_zone": "",
            "enable_accelerated_networking": false,
            "enable_ip_forwarding": false,
            "id": "/subscriptions/f4b5d5c1-9ce3-4456-a430-5a86dbcda44c/resourceGroups/rg-ansible-lab/providers/Microsoft.Network/networkInterfaces/nic-vm-redhat-lab",
            "internal_dns_name_label": "",
            "internal_domain_name_suffix": "rgr4mae0q10upmt3il1nw14hoc.cx.internal.cloudapp.net",
            "ip_configuration": [
              {
                "gateway_load_balancer_frontend_ip_configuration_id": "",
                "name": "internal",
                "primary": true,
                "private_ip_address": "10.0.1.6",
                "private_ip_address_allocation": "Dynamic",
                "private_ip_address_version": "IPv4",
                "public_ip_address_id": "/subscriptions/f4b5d5c1-9ce3-4456-a430-5a86dbcda44c/resourceGroups/rg-ansible-lab/providers/Microsoft.Network/publicIPAddresses/pip-vm-redhat-lab",
                "subnet_id": "/subscriptions/f4b5d5c1-9ce3-4456-a430-5a86dbcda44c/resourceGroups/rg-ansible-lab/providers/Microsoft.Network/virtualNetworks/vnet-ansible-lab/subnets/subnet-ansible"
              }
            ],
            "ip_forwarding_enabled": false,
            "location": "eastus2",
            "mac_address": "",
            "name": "nic-vm-redhat-lab",
            "private_ip_address": "10.0.1.6",
            "private_ip_addresses": [
              "10.0.1.6"
            ],
            "resource_group_name": "rg-ansible-lab",
            "tags": {
              "Environment": "Lab",
              "ManagedBy": "Terraform",
              "Purpose": "Ansible-Semaphore"
            },
            "timeouts": null,
            "virtual_machine_id": ""
          },
          "sensitive_attributes": [],
          "private": "eyJlMmJmYjczMC1lY2FhLTExZTYtOGY4OC0zNDM2M2JjN2M0YzAiOnsiY3JlYXRlIjoxODAwMDAwMDAwMDAwLCJkZWxldGUiOjE4MDAwMDAwMDAwMDAsInJlYWQiOjMwMDAwMDAwMDAwMCwidXBkYXRlIjoxODAwMDAwMDAwMDAwfX0=",
          "dependencies": [
            "azurerm_resource_group.lab",
            "module.network.azurerm_subnet.ansible",
            "module.network.azurerm_virtual_network.main",
            "module.servidores_lab.azurerm_public_ip.vms"
          ]
        },
        {
          "index_key": "ubuntu",
          "schema_version": 0,
          "attributes": {
            "accelerated_networking_enabled": false,
            "applied_dns_servers": [],
            "auxiliary_mode": "",
            "auxiliary_sku": "",
            "dns_servers": [],
            "edge_zone": "",
            "enable_accelerated_networking": false,
            "enable_ip_forwarding": false,
            "id": "/subscriptions/f4b5d5c1-9ce3-4456-a430-5a86dbcda44c/resourceGroups/rg-ansible-lab/providers/Microsoft.Network/networkInterfaces/nic-vm-ubuntu-lab",
            "internal_dns_name_label": "",
            "internal_domain_name_suffix": "rgr4mae0q10upmt3il1nw14hoc.cx.internal.cloudapp.net",
            "ip_configuration": [
              {
                "gateway_load_balancer_frontend_ip_configuration_id": "",
                "name": "internal",
                "primary": true,
                "private_ip_address": "10.0.1.5",
                "private_ip_address_allocation": "Dynamic",
                "private_ip_address_version": "IPv4",
                "public_ip_address_id": "/subscriptions/f4b5d5c1-9ce3-4456-a430-5a86dbcda44c/resourceGroups/rg-ansible-lab/providers/Microsoft.Network/publicIPAddresses/pip-vm-ubuntu-lab",
                "subnet_id": "/subscriptions/f4b5d5c1-9ce3-4456-a430-5a86dbcda44c/resourceGroups/rg-ansible-lab/providers/Microsoft.Network/virtualNetworks/vnet-ansible-lab/subnets/subnet-ansible"
              }
            ],
            "ip_forwarding_enabled": false,
            "location": "eastus2",
            "mac_address": "",
            "name": "nic-vm-ubuntu-lab",
            "private_ip_address": "10.0.1.5",
            "private_ip_addresses": [
              "10.0.1.5"
            ],
            "resource_group_name": "rg-ansible-lab",
            "tags": {
              "Environment": "Lab",
              "ManagedBy": "Terraform",
              "Purpose": "Ansible-Semaphore"
            },
            "timeouts": null,
            "virtual_machine_id": ""
          },
          "sensitive_attributes": [],
          "private": "eyJlMmJmYjczMC1lY2FhLTExZTYtOGY4OC0zNDM2M2JjN2M0YzAiOnsiY3JlYXRlIjoxODAwMDAwMDAwMDAwLCJkZWxldGUiOjE4MDAwMDAwMDAwMDAsInJlYWQiOjMwMDAwMDAwMDAwMCwidXBkYXRlIjoxODAwMDAwMDAwMDAwfX0=",
          "dependencies": [
            "azurerm_resource_group.lab",
            "module.network.azurerm_subnet.ansible",
            "module.network.azurerm_virtual_network.main",
            "module.servidores_lab.azurerm_public_ip.vms"
          ]
        }
      ]
    },
    {
      "module": "module.servidores_lab",
      "mode": "managed",
      "type": "azurerm_public_ip",
      "name": "vms",
      "provider": "provider[\"registry.terraform.io/hashicorp/azurerm\"]",
      "instances": [
        {
          "index_key": "redhat",
          "schema_version": 0,
          "attributes": {
            "allocation_method": "Static",
            "ddos_protection_mode": "VirtualNetworkInherited",
            "ddos_protection_plan_id": null,
            "domain_name_label": null,
            "edge_zone": "",
            "fqdn": null,
            "id": "/subscriptions/f4b5d5c1-9ce3-4456-a430-5a86dbcda44c/resourceGroups/rg-ansible-lab/providers/Microsoft.Network/publicIPAddresses/pip-vm-redhat-lab",
            "idle_timeout_in_minutes": 4,
            "ip_address": "20.242.40.217",
            "ip_tags": {},
            "ip_version": "IPv4",
            "location": "eastus2",
            "name": "pip-vm-redhat-lab",
            "public_ip_prefix_id": null,
            "resource_group_name": "rg-ansible-lab",
            "reverse_fqdn": null,
            "sku": "Standard",
            "sku_tier": "Regional",
            "tags": {
              "Environment": "Lab",
              "ManagedBy": "Terraform",
              "Purpose": "Ansible-Semaphore"
            },
            "timeouts": null,
            "zones": []
          },
          "sensitive_attributes": [],
          "private": "eyJlMmJmYjczMC1lY2FhLTExZTYtOGY4OC0zNDM2M2JjN2M0YzAiOnsiY3JlYXRlIjoxODAwMDAwMDAwMDAwLCJkZWxldGUiOjE4MDAwMDAwMDAwMDAsInJlYWQiOjMwMDAwMDAwMDAwMCwidXBkYXRlIjoxODAwMDAwMDAwMDAwfX0=",
          "dependencies": [
            "azurerm_resource_group.lab"
          ]
        },
        {
          "index_key": "ubuntu",
          "schema_version": 0,
          "attributes": {
            "allocation_method": "Static",
            "ddos_protection_mode": "VirtualNetworkInherited",
            "ddos_protection_plan_id": null,
            "domain_name_label": null,
            "edge_zone": "",
            "fqdn": null,
            "id": "/subscriptions/f4b5d5c1-9ce3-4456-a430-5a86dbcda44c/resourceGroups/rg-ansible-lab/providers/Microsoft.Network/publicIPAddresses/pip-vm-ubuntu-lab",
            "idle_timeout_in_minutes": 4,
            "ip_address": "20.110.119.68",
            "ip_tags": {},
            "ip_version": "IPv4",
            "location": "eastus2",
            "name": "pip-vm-ubuntu-lab",
            "public_ip_prefix_id": null,
            "resource_group_name": "rg-ansible-lab",
            "reverse_fqdn": null,
            "sku": "Standard",
            "sku_tier": "Regional",
            "tags": {
              "Environment": "Lab",
              "ManagedBy": "Terraform",
              "Purpose": "Ansible-Semaphore"
            },
            "timeouts": null,
            "zones": []
          },
          "sensitive_attributes": [],
          "private": "eyJlMmJmYjczMC1lY2FhLTExZTYtOGY4OC0zNDM2M2JjN2M0YzAiOnsiY3JlYXRlIjoxODAwMDAwMDAwMDAwLCJkZWxldGUiOjE4MDAwMDAwMDAwMDAsInJlYWQiOjMwMDAwMDAwMDAwMCwidXBkYXRlIjoxODAwMDAwMDAwMDAwfX0=",
          "dependencies": [
            "azurerm_resource_group.lab"
          ]
        }
      ]
    }
  ],
  "check_results": null
}
